// !$*UTF8*$!
{
	archiveVersion = 1;
	classes = {
	};
	objectVersion = 46;
	objects = {

/* Begin PBXBuildFile section */
		41AD98021DE7105600781975 /* main.m in Sources */ = {isa = PBXBuildFile; fileRef = 41AD98011DE7105600781975 /* main.m */; };
		41AD98051DE7105600781975 /* AppDelegate.m in Sources */ = {isa = PBXBuildFile; fileRef = 41AD98041DE7105600781975 /* AppDelegate.m */; };
		41AD98081DE7105600781975 /* ViewController.m in Sources */ = {isa = PBXBuildFile; fileRef = 41AD98071DE7105600781975 /* ViewController.m */; };
		41AD980B1DE7105600781975 /* Main.storyboard in Resources */ = {isa = PBXBuildFile; fileRef = 41AD98091DE7105600781975 /* Main.storyboard */; };
		41AD980D1DE7105600781975 /* Assets.xcassets in Resources */ = {isa = PBXBuildFile; fileRef = 41AD980C1DE7105600781975 /* Assets.xcassets */; };
		41AD98101DE7105600781975 /* LaunchScreen.storyboard in Resources */ = {isa = PBXBuildFile; fileRef = 41AD980E1DE7105600781975 /* LaunchScreen.storyboard */; };
		41AD981C1DE7176B00781975 /* EatMenuVC.m in Sources */ = {isa = PBXBuildFile; fileRef = 41AD981B1DE7176B00781975 /* EatMenuVC.m */; };
		41AD98271DE726DD00781975 /* EatNewsVC.m in Sources */ = {isa = PBXBuildFile; fileRef = 41AD98261DE726DD00781975 /* EatNewsVC.m */; };
		41AD982B1DE74ADD00781975 /* EatFoodVC.m in Sources */ = {isa = PBXBuildFile; fileRef = 41AD982A1DE74ADD00781975 /* EatFoodVC.m */; };
		41AD98301DE74CF500781975 /* PersonMessageVC.m in Sources */ = {isa = PBXBuildFile; fileRef = 41AD982F1DE74CF500781975 /* PersonMessageVC.m */; };
/* End PBXBuildFile section */

/* Begin PBXFileReference section */
		41AD97FD1DE7105600781975 /* EatFood02.app */ = {isa = PBXFileReference; explicitFileType = wrapper.application; includeInIndex = 0; path = EatFood02.app; sourceTree = BUILT_PRODUCTS_DIR; };
		41AD98011DE7105600781975 /* main.m */ = {isa = PBXFileReference; lastKnownFileType = sourcecode.c.objc; path = main.m; sourceTree = "<group>"; };
		41AD98031DE7105600781975 /* AppDelegate.h */ = {isa = PBXFileReference; lastKnownFileType = sourcecode.c.h; path = AppDelegate.h; sourceTree = "<group>"; };
		41AD98041DE7105600781975 /* AppDelegate.m */ = {isa = PBXFileReference; lastKnownFileType = sourcecode.c.objc; path = AppDelegate.m; sourceTree = "<group>"; };
		41AD98061DE7105600781975 /* ViewController.h */ = {isa = PBXFileReference; lastKnownFileType = sourcecode.c.h; path = ViewController.h; sourceTree = "<group>"; };
		41AD98071DE7105600781975 /* ViewController.m */ = {isa = PBXFileReference; lastKnownFileType = sourcecode.c.objc; path = ViewController.m; sourceTree = "<group>"; };
		41AD980A1DE7105600781975 /* Base */ = {isa = PBXFileReference; lastKnownFileType = file.storyboard; name = Base; path = Base.lproj/Main.storyboard; sourceTree = "<group>"; };
		41AD980C1DE7105600781975 /* Assets.xcassets */ = {isa = PBXFileReference; lastKnownFileType = folder.assetcatalog; path = Assets.xcassets; sourceTree = "<group>"; };
		41AD980F1DE7105600781975 /* Base */ = {isa = PBXFileReference; lastKnownFileType = file.storyboard; name = Base; path = Base.lproj/LaunchScreen.storyboard; sourceTree = "<group>"; };
		41AD98111DE7105600781975 /* Info.plist */ = {isa = PBXFileReference; lastKnownFileType = text.plist.xml; path = Info.plist; sourceTree = "<group>"; };
		41AD981A1DE7176B00781975 /* EatMenuVC.h */ = {isa = PBXFileReference; fileEncoding = 4; lastKnownFileType = sourcecode.c.h; name = EatMenuVC.h; path = EatFood02/EatMenuVC.h; sourceTree = "<group>"; };
		41AD981B1DE7176B00781975 /* EatMenuVC.m */ = {isa = PBXFileReference; fileEncoding = 4; lastKnownFileType = sourcecode.c.objc; name = EatMenuVC.m; path = EatFood02/EatMenuVC.m; sourceTree = "<group>"; };
		41AD98251DE726DD00781975 /* EatNewsVC.h */ = {isa = PBXFileReference; fileEncoding = 4; lastKnownFileType = sourcecode.c.h; path = EatNewsVC.h; sourceTree = "<group>"; };
		41AD98261DE726DD00781975 /* EatNewsVC.m */ = {isa = PBXFileReference; fileEncoding = 4; lastKnownFileType = sourcecode.c.objc; path = EatNewsVC.m; sourceTree = "<group>"; };
		41AD98291DE74ADD00781975 /* EatFoodVC.h */ = {isa = PBXFileReference; fileEncoding = 4; lastKnownFileType = sourcecode.c.h; path = EatFoodVC.h; sourceTree = "<group>"; };
		41AD982A1DE74ADD00781975 /* EatFoodVC.m */ = {isa = PBXFileReference; fileEncoding = 4; lastKnownFileType = sourcecode.c.objc; path = EatFoodVC.m; sourceTree = "<group>"; };
		41AD982E1DE74CF500781975 /* PersonMessageVC.h */ = {isa = PBXFileReference; fileEncoding = 4; lastKnownFileType = sourcecode.c.h; path = PersonMessageVC.h; sourceTree = "<group>"; };
		41AD982F1DE74CF500781975 /* PersonMessageVC.m */ = {isa = PBXFileReference; fileEncoding = 4; lastKnownFileType = sourcecode.c.objc; path = PersonMessageVC.m; sourceTree = "<group>"; };
/* End PBXFileReference section */

/* Begin PBXFrameworksBuildPhase section */
		41AD97FA1DE7105600781975 /* Frameworks */ = {
			isa = PBXFrameworksBuildPhase;
			buildActionMask = 2147483647;
			files = (
			);
			runOnlyForDeploymentPostprocessing = 0;
		};
/* End PBXFrameworksBuildPhase section */

/* Begin PBXGroup section */
		41AD97F41DE7105600781975 = {
			isa = PBXGroup;
			children = (
				41AD97FF1DE7105600781975 /* EatFood02 */,
				41AD97FE1DE7105600781975 /* Products */,
			);
			sourceTree = "<group>";
		};
		41AD97FE1DE7105600781975 /* Products */ = {
			isa = PBXGroup;
			children = (
				41AD97FD1DE7105600781975 /* EatFood02.app */,
			);
			name = Products;
			sourceTree = "<group>";
		};
		41AD97FF1DE7105600781975 /* EatFood02 */ = {
			isa = PBXGroup;
			children = (
				41AD982C1DE74B4C00781975 /* Main */,
				41AD98281DE74AAF00781975 /* EatFood */,
				41AD98211DE725E700781975 /* EatNews */,
				41AD98201DE725BD00781975 /* EatMenu */,
				41AD98091DE7105600781975 /* Main.storyboard */,
				41AD980C1DE7105600781975 /* Assets.xcassets */,
				41AD980E1DE7105600781975 /* LaunchScreen.storyboard */,
				41AD98111DE7105600781975 /* Info.plist */,
				41AD98001DE7105600781975 /* Supporting Files */,
			);
			path = EatFood02;
			sourceTree = "<group>";
		};
		41AD98001DE7105600781975 /* Supporting Files */ = {
			isa = PBXGroup;
			children = (
				41AD98011DE7105600781975 /* main.m */,
			);
			name = "Supporting Files";
			sourceTree = "<group>";
		};
		41AD98201DE725BD00781975 /* EatMenu */ = {
			isa = PBXGroup;
			children = (
				41AD981A1DE7176B00781975 /* EatMenuVC.h */,
				41AD981B1DE7176B00781975 /* EatMenuVC.m */,
			);
			name = EatMenu;
			path = ..;
			sourceTree = "<group>";
		};
		41AD98211DE725E700781975 /* EatNews */ = {
			isa = PBXGroup;
			children = (
				41AD98251DE726DD00781975 /* EatNewsVC.h */,
				41AD98261DE726DD00781975 /* EatNewsVC.m */,
			);
			name = EatNews;
			path = ..;
			sourceTree = "<group>";
		};
		41AD98281DE74AAF00781975 /* EatFood */ = {
			isa = PBXGroup;
			children = (
				41AD98291DE74ADD00781975 /* EatFoodVC.h */,
				41AD982A1DE74ADD00781975 /* EatFoodVC.m */,
				41AD982E1DE74CF500781975 /* PersonMessageVC.h */,
				41AD982F1DE74CF500781975 /* PersonMessageVC.m */,
			);
			name = EatFood;
			path = ..;
			sourceTree = "<group>";
		};
		41AD982C1DE74B4C00781975 /* Main */ = {
			isa = PBXGroup;
			children = (
				41AD98031DE7105600781975 /* AppDelegate.h */,
				41AD98041DE7105600781975 /* AppDelegate.m */,
				41AD98061DE7105600781975 /* ViewController.h */,
				41AD98071DE7105600781975 /* ViewController.m */,
			);
			name = Main;
			sourceTree = "<group>";
		};
/* End PBXGroup section */

/* Begin PBXNativeTarget section */
		41AD97FC1DE7105600781975 /* EatFood02 */ = {
			isa = PBXNativeTarget;
			buildConfigurationList = 41AD98141DE7105600781975 /* Build configuration list for PBXNativeTarget "EatFood02" */;
			buildPhases = (
				41AD97F91DE7105600781975 /* Sources */,
				41AD97FA1DE7105600781975 /* Frameworks */,
				41AD97FB1DE7105600781975 /* Resources */,
			);
			buildRules = (
			);
			dependencies = (
			);
			name = EatFood02;
			productName = EatFood02;
			productReference = 41AD97FD1DE7105600781975 /* EatFood02.app */;
			productType = "com.apple.product-type.application";
		};
/* End PBXNativeTarget section */

/* Begin PBXProject section */
		41AD97F51DE7105600781975 /* Project object */ = {
			isa = PBXProject;
			attributes = {
				LastUpgradeCheck = 0810;
				ORGANIZATIONNAME = twopoorcick;
				TargetAttributes = {
					41AD97FC1DE7105600781975 = {
						CreatedOnToolsVersion = 8.1;
						ProvisioningStyle = Automatic;
					};
				};
			};
			buildConfigurationList = 41AD97F81DE7105600781975 /* Build configuration list for PBXProject "EatFood02" */;
			compatibilityVersion = "Xcode 3.2";
			developmentRegion = English;
			hasScannedForEncodings = 0;
			knownRegions = (
				en,
				Base,
			);
			mainGroup = 41AD97F41DE7105600781975;
			productRefGroup = 41AD97FE1DE7105600781975 /* Products */;
			projectDirPath = "";
			projectRoot = "";
			targets = (
				41AD97FC1DE7105600781975 /* EatFood02 */,
			);
		};
/* End PBXProject section */

/* Begin PBXResourcesBuildPhase section */
		41AD97FB1DE7105600781975 /* Resources */ = {
			isa = PBXResourcesBuildPhase;
			buildActionMask = 2147483647;
			files = (
				41AD98101DE7105600781975 /* LaunchScreen.storyboard in Resources */,
				41AD980D1DE7105600781975 /* Assets.xcassets in Resources */,
				41AD980B1DE7105600781975 /* Main.storyboard in Resources */,
			);
			runOnlyForDeploymentPostprocessing = 0;
		};
/* End PBXResourcesBuildPhase section */

/* Begin PBXSourcesBuildPhase section */
		41AD97F91DE7105600781975 /* Sources */ = {
			isa = PBXSourcesBuildPhase;
			buildActionMask = 2147483647;
			files = (
				41AD98081DE7105600781975 /* ViewController.m in Sources */,
				41AD98051DE7105600781975 /* AppDelegate.m in Sources */,
				41AD981C1DE7176B00781975 /* EatMenuVC.m in Sources */,
				41AD98301DE74CF500781975 /* PersonMessageVC.m in Sources */,
				41AD98271DE726DD00781975 /* EatNewsVC.m in Sources */,
				41AD98021DE7105600781975 /* main.m in Sources */,
				41AD982B1DE74ADD00781975 /* EatFoodVC.m in Sources */,
			);
			runOnlyForDeploymentPostprocessing = 0;
		};
/* End PBXSourcesBuildPhase section */

/* Begin PBXVariantGroup section */
		41AD98091DE7105600781975 /* Main.storyboard */ = {
			isa = PBXVariantGroup;
			children = (
				41AD980A1DE7105600781975 /* Base */,
			);
			name = Main.storyboard;
			sourceTree = "<group>";
		};
		41AD980E1DE7105600781975 /* LaunchScreen.storyboard */ = {
			isa = PBXVariantGroup;
			children = (
				41AD980F1DE7105600781975 /* Base */,
			);
			name = LaunchScreen.storyboard;
			sourceTree = "<group>";
		};
/* End PBXVariantGroup section */

/* Begin XCBuildConfiguration section */
		41AD98121DE7105600781975 /* Debug */ = {
			isa = XCBuildConfiguration;
			buildSettings = {
				ALWAYS_SEARCH_USER_PATHS = NO;
				CLANG_ANALYZER_NONNULL = YES;
				CLANG_CXX_LANGUAGE_STANDARD = "gnu++0x";
				CLANG_CXX_LIBRARY = "libc++";
				CLANG_ENABLE_MODULES = YES;
				CLANG_ENABLE_OBJC_ARC = YES;
				CLANG_WARN_BOOL_CONVERSION = YES;
				CLANG_WARN_CONSTANT_CONVERSION = YES;
				CLANG_WARN_DIRECT_OBJC_ISA_USAGE = YES_ERROR;
				CLANG_WARN_DOCUMENTATION_COMMENTS = YES;
				CLANG_WARN_EMPTY_BODY = YES;
				CLANG_WARN_ENUM_CONVERSION = YES;
				CLANG_WARN_INFINITE_RECURSION = YES;
				CLANG_WARN_INT_CONVERSION = YES;
				CLANG_WARN_OBJC_ROOT_CLASS = YES_ERROR;
				CLANG_WARN_SUSPICIOUS_MOVES = YES;
				CLANG_WARN_UNREACHABLE_CODE = YES;
				CLANG_WARN__DUPLICATE_METHOD_MATCH = YES;
				"CODE_SIGN_IDENTITY[sdk=iphoneos*]" = "iPhone Developer";
				COPY_PHASE_STRIP = NO;
				DEBUG_INFORMATION_FORMAT = dwarf;
				ENABLE_STRICT_OBJC_MSGSEND = YES;
				ENABLE_TESTABILITY = YES;
				GCC_C_LANGUAGE_STANDARD = gnu99;
				GCC_DYNAMIC_NO_PIC = NO;
				GCC_NO_COMMON_BLOCKS = YES;
				GCC_OPTIMIZATION_LEVEL = 0;
				GCC_PREPROCESSOR_DEFINITIONS = (
					"DEBUG=1",
					"$(inherited)",
				);
				GCC_WARN_64_TO_32_BIT_CONVERSION = YES;
				GCC_WARN_ABOUT_RETURN_TYPE = YES_ERROR;
				GCC_WARN_UNDECLARED_SELECTOR = YES;
				GCC_WARN_UNINITIALIZED_AUTOS = YES_AGGRESSIVE;
				GCC_WARN_UNUSED_FUNCTION = YES;
				GCC_WARN_UNUSED_VARIABLE = YES;
				IPHONEOS_DEPLOYMENT_TARGET = 10.1;
				MTL_ENABLE_DEBUG_INFO = YES;
				ONLY_ACTIVE_ARCH = YES;
				SDKROOT = iphoneos;
				TARGETED_DEVICE_FAMILY = "1,2";
			};
			name = Debug;
		};
		41AD98131DE7105600781975 /* Release */ = {
			isa = XCBuildConfiguration;
			buildSettings = {
				ALWAYS_SEARCH_USER_PATHS = NO;
				CLANG_ANALYZER_NONNULL = YES;
				CLANG_CXX_LANGUAGE_STANDARD = "gnu++0x";
				CLANG_CXX_LIBRARY = "libc++";
				CLANG_ENABLE_MODULES = YES;
				CLANG_ENABLE_OBJC_ARC = YES;
				CLANG_WARN_BOOL_CONVERSION = YES;
				CLANG_WARN_CONSTANT_CONVERSION = YES;
				CLANG_WARN_DIRECT_OBJC_ISA_USAGE = YES_ERROR;
				CLANG_WARN_DOCUMENTATION_COMMENTS = YES;
				CLANG_WARN_EMPTY_BODY = YES;
				CLANG_WARN_ENUM_CONVERSION = YES;
				CLANG_WARN_INFINITE_RECURSION = YES;
				CLANG_WARN_INT_CONVERSION = YES;
				CLANG_WARN_OBJC_ROOT_CLASS = YES_ERROR;
				CLANG_WARN_SUSPICIOUS_MOVES = YES;
				CLANG_WARN_UNREACHABLE_CODE = YES;
				CLANG_WARN__DUPLICATE_METHOD_MATCH = YES;
				"CODE_SIGN_IDENTITY[sdk=iphoneos*]" = "iPhone Developer";
				COPY_PHASE_STRIP = NO;
				DEBUG_INFORMATION_FORMAT = "dwarf-with-dsym";
				ENABLE_NS_ASSERTIONS = NO;
				ENABLE_STRICT_OBJC_MSGSEND = YES;
				GCC_C_LANGUAGE_STANDARD = gnu99;
				GCC_NO_COMMON_BLOCKS = YES;
				GCC_WARN_64_TO_32_BIT_CONVERSION = YES;
				GCC_WARN_ABOUT_RETURN_TYPE = YES_ERROR;
				GCC_WARN_UNDECLARED_SELECTOR = YES;
				GCC_WARN_UNINITIALIZED_AUTOS = YES_AGGRESSIVE;
				GCC_WARN_UNUSED_FUNCTION = YES;
				GCC_WARN_UNUSED_VARIABLE = YES;
				IPHONEOS_DEPLOYMENT_TARGET = 10.1;
				MTL_ENABLE_DEBUG_INFO = NO;
				SDKROOT = iphoneos;
				TARGETED_DEVICE_FAMILY = "1,2";
				VALIDATE_PRODUCT = YES;
			};
			name = Release;
		};
		41AD98151DE7105600781975 /* Debug */ = {
			isa = XCBuildConfiguration;
			buildSettings = {
				ASSETCATALOG_COMPILER_APPICON_NAME = AppIcon;
				INFOPLIST_FILE = EatFood02/Info.plist;
				IPHONEOS_DEPLOYMENT_TARGET = 8.0;
				LD_RUNPATH_SEARCH_PATHS = "$(inherited) @executable_path/Frameworks";
				PRODUCT_BUNDLE_IDENTIFIER = com.poorcick.EatFood02;
				PRODUCT_NAME = "$(TARGET_NAME)";
			};
			name = Debug;
		};
		41AD98161DE7105600781975 /* Release */ = {
			isa = XCBuildConfiguration;
			buildSettings = {
				ASSETCATALOG_COMPILER_APPICON_NAME = AppIcon;
				INFOPLIST_FILE = EatFood02/Info.plist;
				IPHONEOS_DEPLOYMENT_TARGET = 8.0;
				LD_RUNPATH_SEARCH_PATHS = "$(inherited) @executable_path/Frameworks";
				PRODUCT_BUNDLE_IDENTIFIER = com.poorcick.EatFood02;
				PRODUCT_NAME = "$(TARGET_NAME)";
			};
			name = Release;
		};
/* End XCBuildConfiguration section */

/* Begin XCConfigurationList section */
		41AD97F81DE7105600781975 /* Build configuration list for PBXProject "EatFood02" */ = {
			isa = XCConfigurationList;
			buildConfigurations = (
				41AD98121DE7105600781975 /* Debug */,
				41AD98131DE7105600781975 /* Release */,
			);
			defaultConfigurationIsVisible = 0;
			defaultConfigurationName = Release;
		};
		41AD98141DE7105600781975 /* Build configuration list for PBXNativeTarget "EatFood02" */ = {
			isa = XCConfigurationList;
			buildConfigurations = (
				41AD98151DE7105600781975 /* Debug */,
				41AD98161DE7105600781975 /* Release */,
			);
			defaultConfigurationIsVisible = 0;
			defaultConfigurationName = Release;
		};
/* End XCConfigurationList section */
	};
	rootObject = 41AD97F51DE7105600781975 /* Project object */;
}
