// !$*UTF8*$!
{
	archiveVersion = 1;
	classes = {
	};
	objectVersion = 46;
	objects = {

/* Begin PBXBuildFile section */
		4106241B1DED5526008B59E4 /* Login.storyboard in Resources */ = {isa = PBXBuildFile; fileRef = 4106241A1DED5526008B59E4 /* Login.storyboard */; };
		4106241E1DED6701008B59E4 /* LoginVC.m in Sources */ = {isa = PBXBuildFile; fileRef = 4106241D1DED6701008B59E4 /* LoginVC.m */; };
		410624211DED6747008B59E4 /* RegisterVC.m in Sources */ = {isa = PBXBuildFile; fileRef = 410624201DED6747008B59E4 /* RegisterVC.m */; };
		412F50851E18FD8600FC8497 /* User.m in Sources */ = {isa = PBXBuildFile; fileRef = 412F50841E18FD8600FC8497 /* User.m */; };
		413299671DEC5A02003FFB65 /* LaunchScreenView.xib in Resources */ = {isa = PBXBuildFile; fileRef = 413299661DEC5A02003FFB65 /* LaunchScreenView.xib */; };
		4132996D1DEC6654003FFB65 /* PersonMessageVC.m in Sources */ = {isa = PBXBuildFile; fileRef = 4132996C1DEC6654003FFB65 /* PersonMessageVC.m */; };
		4132996F1DEC6664003FFB65 /* EatFoodVC.m in Sources */ = {isa = PBXBuildFile; fileRef = 4132996E1DEC6664003FFB65 /* EatFoodVC.m */; };
		413299731DEC668D003FFB65 /* EatMenuCell.m in Sources */ = {isa = PBXBuildFile; fileRef = 413299711DEC668D003FFB65 /* EatMenuCell.m */; };
		413299741DEC668D003FFB65 /* EatMenuCell.xib in Resources */ = {isa = PBXBuildFile; fileRef = 413299721DEC668D003FFB65 /* EatMenuCell.xib */; };
		413299771DEC66AD003FFB65 /* EatNewsVC.m in Sources */ = {isa = PBXBuildFile; fileRef = 413299761DEC66AD003FFB65 /* EatNewsVC.m */; };
		41560B411E154B4C005C503F /* MenuAddCaiVC.m in Sources */ = {isa = PBXBuildFile; fileRef = 41560B3D1E154B4C005C503F /* MenuAddCaiVC.m */; };
		41560B421E154B4C005C503F /* MenuVC.m in Sources */ = {isa = PBXBuildFile; fileRef = 41560B3F1E154B4C005C503F /* MenuVC.m */; };
		41560B431E154B4C005C503F /* MenuVC.xib in Resources */ = {isa = PBXBuildFile; fileRef = 41560B401E154B4C005C503F /* MenuVC.xib */; };
		415CA6741DF159D200E8B7F9 /* HttpTool.m in Sources */ = {isa = PBXBuildFile; fileRef = 415CA6731DF159D200E8B7F9 /* HttpTool.m */; };
		4171E7F31E0A7917007D65EC /* PersonLove.plist in Resources */ = {isa = PBXBuildFile; fileRef = 4171E7F21E0A7917007D65EC /* PersonLove.plist */; };
		41AD98021DE7105600781975 /* main.m in Sources */ = {isa = PBXBuildFile; fileRef = 41AD98011DE7105600781975 /* main.m */; };
		41AD98051DE7105600781975 /* AppDelegate.m in Sources */ = {isa = PBXBuildFile; fileRef = 41AD98041DE7105600781975 /* AppDelegate.m */; };
		41AD98081DE7105600781975 /* ViewController.m in Sources */ = {isa = PBXBuildFile; fileRef = 41AD98071DE7105600781975 /* ViewController.m */; };
		41AD980B1DE7105600781975 /* Main.storyboard in Resources */ = {isa = PBXBuildFile; fileRef = 41AD98091DE7105600781975 /* Main.storyboard */; };
		41AD980D1DE7105600781975 /* Assets.xcassets in Resources */ = {isa = PBXBuildFile; fileRef = 41AD980C1DE7105600781975 /* Assets.xcassets */; };
		41AD98101DE7105600781975 /* LaunchScreen.storyboard in Resources */ = {isa = PBXBuildFile; fileRef = 41AD980E1DE7105600781975 /* LaunchScreen.storyboard */; };
		41AD981C1DE7176B00781975 /* EatMenuVC.m in Sources */ = {isa = PBXBuildFile; fileRef = 41AD981B1DE7176B00781975 /* EatMenuVC.m */; };
		41CBF9D91E1A21F600F249E2 /* HistoryMenu.plist in Resources */ = {isa = PBXBuildFile; fileRef = 41CBF9D81E1A21F600F249E2 /* HistoryMenu.plist */; };
		41E9F18E1DEAEF1D0003C5CB /* JTNumberScrollAnimatedView.m in Sources */ = {isa = PBXBuildFile; fileRef = 41E9F18D1DEAEF1D0003C5CB /* JTNumberScrollAnimatedView.m */; };
		41FEEEF61E1AA24300C5D7A6 /* pickViewController.m in Sources */ = {isa = PBXBuildFile; fileRef = 41FEEEF41E1AA24300C5D7A6 /* pickViewController.m */; };
		41FEEEF71E1AA24300C5D7A6 /* pickViewController.xib in Resources */ = {isa = PBXBuildFile; fileRef = 41FEEEF51E1AA24300C5D7A6 /* pickViewController.xib */; };
		58D598C29492C8C6E1840AD8 /* libPods-EatFood02.a in Frameworks */ = {isa = PBXBuildFile; fileRef = AB8B271167707D4DCB369C33 /* libPods-EatFood02.a */; };
/* End PBXBuildFile section */

/* Begin PBXFileReference section */
		4106241A1DED5526008B59E4 /* Login.storyboard */ = {isa = PBXFileReference; fileEncoding = 4; lastKnownFileType = file.storyboard; path = Login.storyboard; sourceTree = "<group>"; };
		4106241C1DED6701008B59E4 /* LoginVC.h */ = {isa = PBXFileReference; fileEncoding = 4; lastKnownFileType = sourcecode.c.h; path = LoginVC.h; sourceTree = "<group>"; };
		4106241D1DED6701008B59E4 /* LoginVC.m */ = {isa = PBXFileReference; fileEncoding = 4; lastKnownFileType = sourcecode.c.objc; path = LoginVC.m; sourceTree = "<group>"; };
		4106241F1DED6747008B59E4 /* RegisterVC.h */ = {isa = PBXFileReference; fileEncoding = 4; lastKnownFileType = sourcecode.c.h; path = RegisterVC.h; sourceTree = "<group>"; };
		410624201DED6747008B59E4 /* RegisterVC.m */ = {isa = PBXFileReference; fileEncoding = 4; lastKnownFileType = sourcecode.c.objc; path = RegisterVC.m; sourceTree = "<group>"; };
		412F50831E18FD8600FC8497 /* User.h */ = {isa = PBXFileReference; fileEncoding = 4; lastKnownFileType = sourcecode.c.h; path = User.h; sourceTree = "<group>"; };
		412F50841E18FD8600FC8497 /* User.m */ = {isa = PBXFileReference; fileEncoding = 4; lastKnownFileType = sourcecode.c.objc; path = User.m; sourceTree = "<group>"; };
		413299661DEC5A02003FFB65 /* LaunchScreenView.xib */ = {isa = PBXFileReference; fileEncoding = 4; lastKnownFileType = file.xib; path = LaunchScreenView.xib; sourceTree = "<group>"; };
		413299681DEC65BD003FFB65 /* EatFoodVC.h */ = {isa = PBXFileReference; lastKnownFileType = sourcecode.c.h; name = EatFoodVC.h; path = EatFood02/EatFoodVC.h; sourceTree = "<group>"; };
		4132996B1DEC6654003FFB65 /* PersonMessageVC.h */ = {isa = PBXFileReference; fileEncoding = 4; lastKnownFileType = sourcecode.c.h; name = PersonMessageVC.h; path = EatFood02/PersonMessageVC.h; sourceTree = "<group>"; };
		4132996C1DEC6654003FFB65 /* PersonMessageVC.m */ = {isa = PBXFileReference; fileEncoding = 4; lastKnownFileType = sourcecode.c.objc; name = PersonMessageVC.m; path = EatFood02/PersonMessageVC.m; sourceTree = "<group>"; };
		4132996E1DEC6664003FFB65 /* EatFoodVC.m */ = {isa = PBXFileReference; fileEncoding = 4; lastKnownFileType = sourcecode.c.objc; name = EatFoodVC.m; path = EatFood02/EatFoodVC.m; sourceTree = "<group>"; };
		413299701DEC668D003FFB65 /* EatMenuCell.h */ = {isa = PBXFileReference; fileEncoding = 4; lastKnownFileType = sourcecode.c.h; name = EatMenuCell.h; path = EatFood02/EatMenuCell.h; sourceTree = "<group>"; };
		413299711DEC668D003FFB65 /* EatMenuCell.m */ = {isa = PBXFileReference; fileEncoding = 4; lastKnownFileType = sourcecode.c.objc; name = EatMenuCell.m; path = EatFood02/EatMenuCell.m; sourceTree = "<group>"; };
		413299721DEC668D003FFB65 /* EatMenuCell.xib */ = {isa = PBXFileReference; fileEncoding = 4; lastKnownFileType = file.xib; name = EatMenuCell.xib; path = EatFood02/EatMenuCell.xib; sourceTree = "<group>"; };
		413299751DEC66AD003FFB65 /* EatNewsVC.h */ = {isa = PBXFileReference; fileEncoding = 4; lastKnownFileType = sourcecode.c.h; name = EatNewsVC.h; path = EatFood02/EatNewsVC.h; sourceTree = "<group>"; };
		413299761DEC66AD003FFB65 /* EatNewsVC.m */ = {isa = PBXFileReference; fileEncoding = 4; lastKnownFileType = sourcecode.c.objc; name = EatNewsVC.m; path = EatFood02/EatNewsVC.m; sourceTree = "<group>"; };
		41560B3C1E154B4C005C503F /* MenuAddCaiVC.h */ = {isa = PBXFileReference; fileEncoding = 4; lastKnownFileType = sourcecode.c.h; name = MenuAddCaiVC.h; path = EatFood02/MenuAddCaiVC.h; sourceTree = "<group>"; };
		41560B3D1E154B4C005C503F /* MenuAddCaiVC.m */ = {isa = PBXFileReference; fileEncoding = 4; lastKnownFileType = sourcecode.c.objc; name = MenuAddCaiVC.m; path = EatFood02/MenuAddCaiVC.m; sourceTree = "<group>"; };
		41560B3E1E154B4C005C503F /* MenuVC.h */ = {isa = PBXFileReference; fileEncoding = 4; lastKnownFileType = sourcecode.c.h; name = MenuVC.h; path = EatFood02/MenuVC.h; sourceTree = "<group>"; };
		41560B3F1E154B4C005C503F /* MenuVC.m */ = {isa = PBXFileReference; fileEncoding = 4; lastKnownFileType = sourcecode.c.objc; name = MenuVC.m; path = EatFood02/MenuVC.m; sourceTree = "<group>"; };
		41560B401E154B4C005C503F /* MenuVC.xib */ = {isa = PBXFileReference; fileEncoding = 4; lastKnownFileType = file.xib; name = MenuVC.xib; path = EatFood02/MenuVC.xib; sourceTree = "<group>"; };
		415CA6721DF159D200E8B7F9 /* HttpTool.h */ = {isa = PBXFileReference; fileEncoding = 4; lastKnownFileType = sourcecode.c.h; path = HttpTool.h; sourceTree = "<group>"; };
		415CA6731DF159D200E8B7F9 /* HttpTool.m */ = {isa = PBXFileReference; fileEncoding = 4; lastKnownFileType = sourcecode.c.objc; path = HttpTool.m; sourceTree = "<group>"; };
		4171E7F21E0A7917007D65EC /* PersonLove.plist */ = {isa = PBXFileReference; fileEncoding = 4; lastKnownFileType = text.plist.xml; path = PersonLove.plist; sourceTree = "<group>"; };
		41AD97FD1DE7105600781975 /* EatFood02.app */ = {isa = PBXFileReference; explicitFileType = wrapper.application; includeInIndex = 0; path = EatFood02.app; sourceTree = BUILT_PRODUCTS_DIR; };
		41AD98011DE7105600781975 /* main.m */ = {isa = PBXFileReference; lastKnownFileType = sourcecode.c.objc; path = main.m; sourceTree = "<group>"; };
		41AD98031DE7105600781975 /* AppDelegate.h */ = {isa = PBXFileReference; lastKnownFileType = sourcecode.c.h; path = AppDelegate.h; sourceTree = "<group>"; };
		41AD98041DE7105600781975 /* AppDelegate.m */ = {isa = PBXFileReference; lastKnownFileType = sourcecode.c.objc; path = AppDelegate.m; sourceTree = "<group>"; };
		41AD98061DE7105600781975 /* ViewController.h */ = {isa = PBXFileReference; lastKnownFileType = sourcecode.c.h; path = ViewController.h; sourceTree = "<group>"; };
		41AD98071DE7105600781975 /* ViewController.m */ = {isa = PBXFileReference; lastKnownFileType = sourcecode.c.objc; path = ViewController.m; sourceTree = "<group>"; };
		41AD980A1DE7105600781975 /* Base */ = {isa = PBXFileReference; lastKnownFileType = file.storyboard; name = Base; path = Base.lproj/Main.storyboard; sourceTree = "<group>"; };
		41AD980C1DE7105600781975 /* Assets.xcassets */ = {isa = PBXFileReference; lastKnownFileType = folder.assetcatalog; path = Assets.xcassets; sourceTree = "<group>"; };
		41AD980F1DE7105600781975 /* Base */ = {isa = PBXFileReference; lastKnownFileType = file.storyboard; name = Base; path = Base.lproj/LaunchScreen.storyboard; sourceTree = "<group>"; };
		41AD98111DE7105600781975 /* Info.plist */ = {isa = PBXFileReference; lastKnownFileType = text.plist.xml; path = Info.plist; sourceTree = "<group>"; };
		41AD981A1DE7176B00781975 /* EatMenuVC.h */ = {isa = PBXFileReference; fileEncoding = 4; lastKnownFileType = sourcecode.c.h; name = EatMenuVC.h; path = EatFood02/EatMenuVC.h; sourceTree = "<group>"; };
		41AD981B1DE7176B00781975 /* EatMenuVC.m */ = {isa = PBXFileReference; fileEncoding = 4; lastKnownFileType = sourcecode.c.objc; name = EatMenuVC.m; path = EatFood02/EatMenuVC.m; sourceTree = "<group>"; };
		41CBF9D81E1A21F600F249E2 /* HistoryMenu.plist */ = {isa = PBXFileReference; fileEncoding = 4; lastKnownFileType = text.plist.xml; path = HistoryMenu.plist; sourceTree = "<group>"; };
		41E9F18C1DEAEF100003C5CB /* JTNumberScrollAnimatedView.h */ = {isa = PBXFileReference; lastKnownFileType = sourcecode.c.h; path = JTNumberScrollAnimatedView.h; sourceTree = "<group>"; };
		41E9F18D1DEAEF1D0003C5CB /* JTNumberScrollAnimatedView.m */ = {isa = PBXFileReference; fileEncoding = 4; lastKnownFileType = sourcecode.c.objc; path = JTNumberScrollAnimatedView.m; sourceTree = "<group>"; };
		41FEEEF31E1AA24300C5D7A6 /* pickViewController.h */ = {isa = PBXFileReference; fileEncoding = 4; lastKnownFileType = sourcecode.c.h; name = pickViewController.h; path = EatFood02/pickViewController.h; sourceTree = "<group>"; };
		41FEEEF41E1AA24300C5D7A6 /* pickViewController.m */ = {isa = PBXFileReference; fileEncoding = 4; lastKnownFileType = sourcecode.c.objc; name = pickViewController.m; path = EatFood02/pickViewController.m; sourceTree = "<group>"; };
		41FEEEF51E1AA24300C5D7A6 /* pickViewController.xib */ = {isa = PBXFileReference; fileEncoding = 4; lastKnownFileType = file.xib; name = pickViewController.xib; path = EatFood02/pickViewController.xib; sourceTree = "<group>"; };
		5A1FEF4ABE3B5F430F5AC0E4 /* Pods-EatFood02.debug.xcconfig */ = {isa = PBXFileReference; includeInIndex = 1; lastKnownFileType = text.xcconfig; name = "Pods-EatFood02.debug.xcconfig"; path = "Pods/Target Support Files/Pods-EatFood02/Pods-EatFood02.debug.xcconfig"; sourceTree = "<group>"; };
		694DA1FB9F4C4B03F53E4052 /* Pods-EatFood02.release.xcconfig */ = {isa = PBXFileReference; includeInIndex = 1; lastKnownFileType = text.xcconfig; name = "Pods-EatFood02.release.xcconfig"; path = "Pods/Target Support Files/Pods-EatFood02/Pods-EatFood02.release.xcconfig"; sourceTree = "<group>"; };
		AB8B271167707D4DCB369C33 /* libPods-EatFood02.a */ = {isa = PBXFileReference; explicitFileType = archive.ar; includeInIndex = 0; path = "libPods-EatFood02.a"; sourceTree = BUILT_PRODUCTS_DIR; };
/* End PBXFileReference section */

/* Begin PBXFrameworksBuildPhase section */
		41AD97FA1DE7105600781975 /* Frameworks */ = {
			isa = PBXFrameworksBuildPhase;
			buildActionMask = 2147483647;
			files = (
				58D598C29492C8C6E1840AD8 /* libPods-EatFood02.a in Frameworks */,
			);
			runOnlyForDeploymentPostprocessing = 0;
		};
/* End PBXFrameworksBuildPhase section */

/* Begin PBXGroup section */
		410624191DED54B1008B59E4 /* LoginAndRegister */ = {
			isa = PBXGroup;
			children = (
				4106241A1DED5526008B59E4 /* Login.storyboard */,
				4106241C1DED6701008B59E4 /* LoginVC.h */,
				4106241D1DED6701008B59E4 /* LoginVC.m */,
				4106241F1DED6747008B59E4 /* RegisterVC.h */,
				410624201DED6747008B59E4 /* RegisterVC.m */,
				412F50831E18FD8600FC8497 /* User.h */,
				412F50841E18FD8600FC8497 /* User.m */,
			);
			name = LoginAndRegister;
			sourceTree = "<group>";
		};
		415CA6711DF159A500E8B7F9 /* HTTP */ = {
			isa = PBXGroup;
			children = (
				415CA6721DF159D200E8B7F9 /* HttpTool.h */,
				415CA6731DF159D200E8B7F9 /* HttpTool.m */,
			);
			name = HTTP;
			sourceTree = "<group>";
		};
		41AD97F41DE7105600781975 = {
			isa = PBXGroup;
			children = (
				41AD97FF1DE7105600781975 /* EatFood02 */,
				41AD97FE1DE7105600781975 /* Products */,
				D30A17CCDA532AF3E61146A9 /* Pods */,
				C6599B6C5F74A9EFDADD3753 /* Frameworks */,
			);
			sourceTree = "<group>";
		};
		41AD97FE1DE7105600781975 /* Products */ = {
			isa = PBXGroup;
			children = (
				41AD97FD1DE7105600781975 /* EatFood02.app */,
			);
			name = Products;
			sourceTree = "<group>";
		};
		41AD97FF1DE7105600781975 /* EatFood02 */ = {
			isa = PBXGroup;
			children = (
				415CA6711DF159A500E8B7F9 /* HTTP */,
				410624191DED54B1008B59E4 /* LoginAndRegister */,
				41F72D861DEAE55000968836 /* EatAnimotion */,
				41AD982C1DE74B4C00781975 /* Main */,
				41AD98281DE74AAF00781975 /* EatFood */,
				41AD98211DE725E700781975 /* EatNews */,
				41AD98201DE725BD00781975 /* EatMenu */,
				41AD98091DE7105600781975 /* Main.storyboard */,
				41AD980C1DE7105600781975 /* Assets.xcassets */,
				41AD980E1DE7105600781975 /* LaunchScreen.storyboard */,
				41AD98111DE7105600781975 /* Info.plist */,
				41AD98001DE7105600781975 /* Supporting Files */,
			);
			path = EatFood02;
			sourceTree = "<group>";
		};
		41AD98001DE7105600781975 /* Supporting Files */ = {
			isa = PBXGroup;
			children = (
				41AD98011DE7105600781975 /* main.m */,
				4171E7F21E0A7917007D65EC /* PersonLove.plist */,
				41CBF9D81E1A21F600F249E2 /* HistoryMenu.plist */,
			);
			name = "Supporting Files";
			sourceTree = "<group>";
		};
		41AD98201DE725BD00781975 /* EatMenu */ = {
			isa = PBXGroup;
			children = (
				41560B3C1E154B4C005C503F /* MenuAddCaiVC.h */,
				41560B3D1E154B4C005C503F /* MenuAddCaiVC.m */,
				41560B3E1E154B4C005C503F /* MenuVC.h */,
				41560B3F1E154B4C005C503F /* MenuVC.m */,
				41560B401E154B4C005C503F /* MenuVC.xib */,
				41AD981A1DE7176B00781975 /* EatMenuVC.h */,
				41AD981B1DE7176B00781975 /* EatMenuVC.m */,
				413299701DEC668D003FFB65 /* EatMenuCell.h */,
				413299711DEC668D003FFB65 /* EatMenuCell.m */,
				413299721DEC668D003FFB65 /* EatMenuCell.xib */,
			);
			name = EatMenu;
			path = ..;
			sourceTree = "<group>";
		};
		41AD98211DE725E700781975 /* EatNews */ = {
			isa = PBXGroup;
			children = (
				413299751DEC66AD003FFB65 /* EatNewsVC.h */,
				413299761DEC66AD003FFB65 /* EatNewsVC.m */,
			);
			name = EatNews;
			path = ..;
			sourceTree = "<group>";
		};
		41AD98281DE74AAF00781975 /* EatFood */ = {
			isa = PBXGroup;
			children = (
				41FEEEF31E1AA24300C5D7A6 /* pickViewController.h */,
				41FEEEF41E1AA24300C5D7A6 /* pickViewController.m */,
				41FEEEF51E1AA24300C5D7A6 /* pickViewController.xib */,
				4132996B1DEC6654003FFB65 /* PersonMessageVC.h */,
				4132996C1DEC6654003FFB65 /* PersonMessageVC.m */,
				413299681DEC65BD003FFB65 /* EatFoodVC.h */,
				4132996E1DEC6664003FFB65 /* EatFoodVC.m */,
			);
			name = EatFood;
			path = ..;
			sourceTree = "<group>";
		};
		41AD982C1DE74B4C00781975 /* Main */ = {
			isa = PBXGroup;
			children = (
				41AD98031DE7105600781975 /* AppDelegate.h */,
				41AD98041DE7105600781975 /* AppDelegate.m */,
				41AD98061DE7105600781975 /* ViewController.h */,
				41AD98071DE7105600781975 /* ViewController.m */,
				413299661DEC5A02003FFB65 /* LaunchScreenView.xib */,
			);
			name = Main;
			sourceTree = "<group>";
		};
		41F72D861DEAE55000968836 /* EatAnimotion */ = {
			isa = PBXGroup;
			children = (
				41E9F18C1DEAEF100003C5CB /* JTNumberScrollAnimatedView.h */,
				41E9F18D1DEAEF1D0003C5CB /* JTNumberScrollAnimatedView.m */,
			);
			name = EatAnimotion;
			sourceTree = "<group>";
		};
		C6599B6C5F74A9EFDADD3753 /* Frameworks */ = {
			isa = PBXGroup;
			children = (
				AB8B271167707D4DCB369C33 /* libPods-EatFood02.a */,
			);
			name = Frameworks;
			sourceTree = "<group>";
		};
		D30A17CCDA532AF3E61146A9 /* Pods */ = {
			isa = PBXGroup;
			children = (
				5A1FEF4ABE3B5F430F5AC0E4 /* Pods-EatFood02.debug.xcconfig */,
				694DA1FB9F4C4B03F53E4052 /* Pods-EatFood02.release.xcconfig */,
			);
			name = Pods;
			sourceTree = "<group>";
		};
/* End PBXGroup section */

/* Begin PBXNativeTarget section */
		41AD97FC1DE7105600781975 /* EatFood02 */ = {
			isa = PBXNativeTarget;
			buildConfigurationList = 41AD98141DE7105600781975 /* Build configuration list for PBXNativeTarget "EatFood02" */;
			buildPhases = (
				850FD44BA637BC8D5FAF4CA5 /* [CP] Check Pods Manifest.lock */,
				41AD97F91DE7105600781975 /* Sources */,
				41AD97FA1DE7105600781975 /* Frameworks */,
				41AD97FB1DE7105600781975 /* Resources */,
				47E808E05CF6753527904C13 /* [CP] Embed Pods Frameworks */,
				C01F1C551E1A6B8F64D054F1 /* [CP] Copy Pods Resources */,
			);
			buildRules = (
			);
			dependencies = (
			);
			name = EatFood02;
			productName = EatFood02;
			productReference = 41AD97FD1DE7105600781975 /* EatFood02.app */;
			productType = "com.apple.product-type.application";
		};
/* End PBXNativeTarget section */

/* Begin PBXProject section */
		41AD97F51DE7105600781975 /* Project object */ = {
			isa = PBXProject;
			attributes = {
				LastUpgradeCheck = 0810;
				ORGANIZATIONNAME = twopoorcick;
				TargetAttributes = {
					41AD97FC1DE7105600781975 = {
						CreatedOnToolsVersion = 8.1;
						DevelopmentTeam = US5WY2EYFJ;
						ProvisioningStyle = Manual;
					};
				};
			};
			buildConfigurationList = 41AD97F81DE7105600781975 /* Build configuration list for PBXProject "EatFood02" */;
			compatibilityVersion = "Xcode 3.2";
			developmentRegion = English;
			hasScannedForEncodings = 0;
			knownRegions = (
				en,
				Base,
			);
			mainGroup = 41AD97F41DE7105600781975;
			productRefGroup = 41AD97FE1DE7105600781975 /* Products */;
			projectDirPath = "";
			projectRoot = "";
			targets = (
				41AD97FC1DE7105600781975 /* EatFood02 */,
			);
		};
/* End PBXProject section */

/* Begin PBXResourcesBuildPhase section */
		41AD97FB1DE7105600781975 /* Resources */ = {
			isa = PBXResourcesBuildPhase;
			buildActionMask = 2147483647;
			files = (
				413299671DEC5A02003FFB65 /* LaunchScreenView.xib in Resources */,
				41FEEEF71E1AA24300C5D7A6 /* pickViewController.xib in Resources */,
				41560B431E154B4C005C503F /* MenuVC.xib in Resources */,
				413299741DEC668D003FFB65 /* EatMenuCell.xib in Resources */,
				4106241B1DED5526008B59E4 /* Login.storyboard in Resources */,
				41AD98101DE7105600781975 /* LaunchScreen.storyboard in Resources */,
				41AD980D1DE7105600781975 /* Assets.xcassets in Resources */,
				41AD980B1DE7105600781975 /* Main.storyboard in Resources */,
				4171E7F31E0A7917007D65EC /* PersonLove.plist in Resources */,
				41CBF9D91E1A21F600F249E2 /* HistoryMenu.plist in Resources */,
			);
			runOnlyForDeploymentPostprocessing = 0;
		};
/* End PBXResourcesBuildPhase section */

/* Begin PBXShellScriptBuildPhase section */
		47E808E05CF6753527904C13 /* [CP] Embed Pods Frameworks */ = {
			isa = PBXShellScriptBuildPhase;
			buildActionMask = 2147483647;
			files = (
			);
			inputPaths = (
			);
			name = "[CP] Embed Pods Frameworks";
			outputPaths = (
			);
			runOnlyForDeploymentPostprocessing = 0;
			shellPath = /bin/sh;
			shellScript = "\"${SRCROOT}/Pods/Target Support Files/Pods-EatFood02/Pods-EatFood02-frameworks.sh\"\n";
			showEnvVarsInLog = 0;
		};
		850FD44BA637BC8D5FAF4CA5 /* [CP] Check Pods Manifest.lock */ = {
			isa = PBXShellScriptBuildPhase;
			buildActionMask = 2147483647;
			files = (
			);
			inputPaths = (
			);
			name = "[CP] Check Pods Manifest.lock";
			outputPaths = (
			);
			runOnlyForDeploymentPostprocessing = 0;
			shellPath = /bin/sh;
			shellScript = "diff \"${PODS_ROOT}/../Podfile.lock\" \"${PODS_ROOT}/Manifest.lock\" > /dev/null\nif [ $? != 0 ] ; then\n    # print error to STDERR\n    echo \"error: The sandbox is not in sync with the Podfile.lock. Run 'pod install' or update your CocoaPods installation.\" >&2\n    exit 1\nfi\n";
			showEnvVarsInLog = 0;
		};
		C01F1C551E1A6B8F64D054F1 /* [CP] Copy Pods Resources */ = {
			isa = PBXShellScriptBuildPhase;
			buildActionMask = 2147483647;
			files = (
			);
			inputPaths = (
			);
			name = "[CP] Copy Pods Resources";
			outputPaths = (
			);
			runOnlyForDeploymentPostprocessing = 0;
			shellPath = /bin/sh;
			shellScript = "\"${SRCROOT}/Pods/Target Support Files/Pods-EatFood02/Pods-EatFood02-resources.sh\"\n";
			showEnvVarsInLog = 0;
		};
/* End PBXShellScriptBuildPhase section */

/* Begin PBXSourcesBuildPhase section */
		41AD97F91DE7105600781975 /* Sources */ = {
			isa = PBXSourcesBuildPhase;
			buildActionMask = 2147483647;
			files = (
				4132996F1DEC6664003FFB65 /* EatFoodVC.m in Sources */,
				41AD98081DE7105600781975 /* ViewController.m in Sources */,
				4106241E1DED6701008B59E4 /* LoginVC.m in Sources */,
				410624211DED6747008B59E4 /* RegisterVC.m in Sources */,
				41AD98051DE7105600781975 /* AppDelegate.m in Sources */,
				41FEEEF61E1AA24300C5D7A6 /* pickViewController.m in Sources */,
				412F50851E18FD8600FC8497 /* User.m in Sources */,
				41560B421E154B4C005C503F /* MenuVC.m in Sources */,
				41E9F18E1DEAEF1D0003C5CB /* JTNumberScrollAnimatedView.m in Sources */,
				41AD981C1DE7176B00781975 /* EatMenuVC.m in Sources */,
				41AD98021DE7105600781975 /* main.m in Sources */,
				41560B411E154B4C005C503F /* MenuAddCaiVC.m in Sources */,
				4132996D1DEC6654003FFB65 /* PersonMessageVC.m in Sources */,
				413299771DEC66AD003FFB65 /* EatNewsVC.m in Sources */,
				413299731DEC668D003FFB65 /* EatMenuCell.m in Sources */,
				415CA6741DF159D200E8B7F9 /* HttpTool.m in Sources */,
			);
			runOnlyForDeploymentPostprocessing = 0;
		};
/* End PBXSourcesBuildPhase section */

/* Begin PBXVariantGroup section */
		41AD98091DE7105600781975 /* Main.storyboard */ = {
			isa = PBXVariantGroup;
			children = (
				41AD980A1DE7105600781975 /* Base */,
			);
			name = Main.storyboard;
			sourceTree = "<group>";
		};
		41AD980E1DE7105600781975 /* LaunchScreen.storyboard */ = {
			isa = PBXVariantGroup;
			children = (
				41AD980F1DE7105600781975 /* Base */,
			);
			name = LaunchScreen.storyboard;
			sourceTree = "<group>";
		};
/* End PBXVariantGroup section */

/* Begin XCBuildConfiguration section */
		41AD98121DE7105600781975 /* Debug */ = {
			isa = XCBuildConfiguration;
			buildSettings = {
				ALWAYS_SEARCH_USER_PATHS = NO;
				CLANG_ANALYZER_NONNULL = YES;
				CLANG_CXX_LANGUAGE_STANDARD = "gnu++0x";
				CLANG_CXX_LIBRARY = "libc++";
				CLANG_ENABLE_MODULES = YES;
				CLANG_ENABLE_OBJC_ARC = YES;
				CLANG_WARN_BOOL_CONVERSION = YES;
				CLANG_WARN_CONSTANT_CONVERSION = YES;
				CLANG_WARN_DIRECT_OBJC_ISA_USAGE = YES_ERROR;
				CLANG_WARN_DOCUMENTATION_COMMENTS = YES;
				CLANG_WARN_EMPTY_BODY = YES;
				CLANG_WARN_ENUM_CONVERSION = YES;
				CLANG_WARN_INFINITE_RECURSION = YES;
				CLANG_WARN_INT_CONVERSION = YES;
				CLANG_WARN_OBJC_ROOT_CLASS = YES_ERROR;
				CLANG_WARN_SUSPICIOUS_MOVES = YES;
				CLANG_WARN_UNREACHABLE_CODE = YES;
				CLANG_WARN__DUPLICATE_METHOD_MATCH = YES;
				"CODE_SIGN_IDENTITY[sdk=iphoneos*]" = "iPhone Developer";
				COPY_PHASE_STRIP = NO;
				DEBUG_INFORMATION_FORMAT = dwarf;
				ENABLE_STRICT_OBJC_MSGSEND = YES;
				ENABLE_TESTABILITY = YES;
				GCC_C_LANGUAGE_STANDARD = gnu99;
				GCC_DYNAMIC_NO_PIC = NO;
				GCC_NO_COMMON_BLOCKS = YES;
				GCC_OPTIMIZATION_LEVEL = 0;
				GCC_PREPROCESSOR_DEFINITIONS = (
					"DEBUG=1",
					"$(inherited)",
				);
				GCC_WARN_64_TO_32_BIT_CONVERSION = YES;
				GCC_WARN_ABOUT_RETURN_TYPE = YES_ERROR;
				GCC_WARN_UNDECLARED_SELECTOR = YES;
				GCC_WARN_UNINITIALIZED_AUTOS = YES_AGGRESSIVE;
				GCC_WARN_UNUSED_FUNCTION = YES;
				GCC_WARN_UNUSED_VARIABLE = YES;
				IPHONEOS_DEPLOYMENT_TARGET = 8.0;
				MTL_ENABLE_DEBUG_INFO = YES;
				ONLY_ACTIVE_ARCH = YES;
				SDKROOT = iphoneos;
				TARGETED_DEVICE_FAMILY = "1,2";
			};
			name = Debug;
		};
		41AD98131DE7105600781975 /* Release */ = {
			isa = XCBuildConfiguration;
			buildSettings = {
				ALWAYS_SEARCH_USER_PATHS = NO;
				CLANG_ANALYZER_NONNULL = YES;
				CLANG_CXX_LANGUAGE_STANDARD = "gnu++0x";
				CLANG_CXX_LIBRARY = "libc++";
				CLANG_ENABLE_MODULES = YES;
				CLANG_ENABLE_OBJC_ARC = YES;
				CLANG_WARN_BOOL_CONVERSION = YES;
				CLANG_WARN_CONSTANT_CONVERSION = YES;
				CLANG_WARN_DIRECT_OBJC_ISA_USAGE = YES_ERROR;
				CLANG_WARN_DOCUMENTATION_COMMENTS = YES;
				CLANG_WARN_EMPTY_BODY = YES;
				CLANG_WARN_ENUM_CONVERSION = YES;
				CLANG_WARN_INFINITE_RECURSION = YES;
				CLANG_WARN_INT_CONVERSION = YES;
				CLANG_WARN_OBJC_ROOT_CLASS = YES_ERROR;
				CLANG_WARN_SUSPICIOUS_MOVES = YES;
				CLANG_WARN_UNREACHABLE_CODE = YES;
				CLANG_WARN__DUPLICATE_METHOD_MATCH = YES;
				"CODE_SIGN_IDENTITY[sdk=iphoneos*]" = "iPhone Developer";
				COPY_PHASE_STRIP = NO;
				DEBUG_INFORMATION_FORMAT = "dwarf-with-dsym";
				ENABLE_NS_ASSERTIONS = NO;
				ENABLE_STRICT_OBJC_MSGSEND = YES;
				GCC_C_LANGUAGE_STANDARD = gnu99;
				GCC_NO_COMMON_BLOCKS = YES;
				GCC_WARN_64_TO_32_BIT_CONVERSION = YES;
				GCC_WARN_ABOUT_RETURN_TYPE = YES_ERROR;
				GCC_WARN_UNDECLARED_SELECTOR = YES;
				GCC_WARN_UNINITIALIZED_AUTOS = YES_AGGRESSIVE;
				GCC_WARN_UNUSED_FUNCTION = YES;
				GCC_WARN_UNUSED_VARIABLE = YES;
				IPHONEOS_DEPLOYMENT_TARGET = 8.0;
				MTL_ENABLE_DEBUG_INFO = NO;
				SDKROOT = iphoneos;
				TARGETED_DEVICE_FAMILY = "1,2";
				VALIDATE_PRODUCT = YES;
			};
			name = Release;
		};
		41AD98151DE7105600781975 /* Debug */ = {
			isa = XCBuildConfiguration;
			baseConfigurationReference = 5A1FEF4ABE3B5F430F5AC0E4 /* Pods-EatFood02.debug.xcconfig */;
			buildSettings = {
				ASSETCATALOG_COMPILER_APPICON_NAME = AppIcon;
				"CODE_SIGN_IDENTITY[sdk=iphoneos*]" = "iPhone Developer";
				DEVELOPMENT_TEAM = US5WY2EYFJ;
				INFOPLIST_FILE = EatFood02/Info.plist;
				IPHONEOS_DEPLOYMENT_TARGET = 8.0;
				LD_RUNPATH_SEARCH_PATHS = "$(inherited) @executable_path/Frameworks";
				PRODUCT_BUNDLE_IDENTIFIER = com.poorcick.EatFood02;
				PRODUCT_NAME = "$(TARGET_NAME)";
				PROVISIONING_PROFILE = "2f2eee2d-4aa1-41f2-b2c4-0bf1eb93a5d5";
				PROVISIONING_PROFILE_SPECIFIER = haoyuze_eatfood_development;
				TARGETED_DEVICE_FAMILY = "1,2";
			};
			name = Debug;
		};
		41AD98161DE7105600781975 /* Release */ = {
			isa = XCBuildConfiguration;
			baseConfigurationReference = 694DA1FB9F4C4B03F53E4052 /* Pods-EatFood02.release.xcconfig */;
			buildSettings = {
				ASSETCATALOG_COMPILER_APPICON_NAME = AppIcon;
				"CODE_SIGN_IDENTITY[sdk=iphoneos*]" = "iPhone Developer";
				DEVELOPMENT_TEAM = US5WY2EYFJ;
				INFOPLIST_FILE = EatFood02/Info.plist;
				IPHONEOS_DEPLOYMENT_TARGET = 8.0;
				LD_RUNPATH_SEARCH_PATHS = "$(inherited) @executable_path/Frameworks";
				PRODUCT_BUNDLE_IDENTIFIER = com.poorcick.EatFood02;
				PRODUCT_NAME = "$(TARGET_NAME)";
				PROVISIONING_PROFILE = "2f2eee2d-4aa1-41f2-b2c4-0bf1eb93a5d5";
				PROVISIONING_PROFILE_SPECIFIER = haoyuze_eatfood_development;
				TARGETED_DEVICE_FAMILY = "1,2";
			};
			name = Release;
		};
/* End XCBuildConfiguration section */

/* Begin XCConfigurationList section */
		41AD97F81DE7105600781975 /* Build configuration list for PBXProject "EatFood02" */ = {
			isa = XCConfigurationList;
			buildConfigurations = (
				41AD98121DE7105600781975 /* Debug */,
				41AD98131DE7105600781975 /* Release */,
			);
			defaultConfigurationIsVisible = 0;
			defaultConfigurationName = Release;
		};
		41AD98141DE7105600781975 /* Build configuration list for PBXNativeTarget "EatFood02" */ = {
			isa = XCConfigurationList;
			buildConfigurations = (
				41AD98151DE7105600781975 /* Debug */,
				41AD98161DE7105600781975 /* Release */,
			);
			defaultConfigurationIsVisible = 0;
			defaultConfigurationName = Release;
		};
/* End XCConfigurationList section */
	};
	rootObject = 41AD97F51DE7105600781975 /* Project object */;
}
